{
    "_readme": [
        "This file locks the dependencies of your project to a known state",
        "Read more about it at https://getcomposer.org/doc/01-basic-usage.md#composer-lock-the-lock-file",
        "This file is @generated automatically"
    ],
    "hash": "9e0f8feeef460de06f7f092ab05e7904",
    "content-hash": "32324528e37c74919438513201aee185",
    "packages": [
        {
            "name": "container-interop/container-interop",
            "version": "1.1.0",
            "source": {
                "type": "git",
                "url": "https://github.com/container-interop/container-interop.git",
                "reference": "fc08354828f8fd3245f77a66b9e23a6bca48297e"
            },
            "dist": {
                "type": "zip",
                "url": "https://api.github.com/repos/container-interop/container-interop/zipball/fc08354828f8fd3245f77a66b9e23a6bca48297e",
                "reference": "fc08354828f8fd3245f77a66b9e23a6bca48297e",
                "shasum": ""
            },
            "type": "library",
            "autoload": {
                "psr-4": {
                    "Interop\\Container\\": "src/Interop/Container/"
                }
            },
            "notification-url": "https://packagist.org/downloads/",
            "license": [
                "MIT"
            ],
            "description": "Promoting the interoperability of container objects (DIC, SL, etc.)",
            "time": "2014-12-30 15:22:37"
        },
        {
            "name": "dragonmantank/zendexpressive-session-middleware",
            "version": "dev-master",
            "source": {
                "type": "git",
                "url": "https://github.com/dragonmantank/zendexpressive-session-middleware.git",
                "reference": "f61c8391a5dada52b9094a3ea80aa232059f4fee"
            },
            "dist": {
                "type": "zip",
                "url": "https://api.github.com/repos/dragonmantank/zendexpressive-session-middleware/zipball/f61c8391a5dada52b9094a3ea80aa232059f4fee",
                "reference": "f61c8391a5dada52b9094a3ea80aa232059f4fee",
                "shasum": ""
            },
            "require": {
                "container-interop/container-interop": "^1.1",
                "php": ">=5.6.0",
                "psr/http-message": "^1.0",
                "zendframework/zend-session": "^2.5"
            },
            "require-dev": {
                "phpunit/phpunit": "~4.0"
            },
            "type": "library",
            "autoload": {
                "psr-4": {
                    "Dragonmantank\\": "src"
                }
            },
            "autoload-dev": {
                "psr-4": {
                    "Dragonmantank\\Test\\": "tests"
                }
            },
            "scripts": {
                "test": [
                    "phpunit"
                ]
            },
            "license": [
                "MIT"
            ],
            "authors": [
                {
                    "name": "Chris Tankersley",
                    "email": "chris@ctankersley.com"
                }
            ],
            "description": "Provides a session middleware for Zend Expressive",
            "keywords": [
                "middleware",
                "psr-7",
                "session",
                "zend",
                "zendexpressive-session-middleware"
            ],
            "support": {
                "source": "https://github.com/dragonmantank/zendexpressive-session-middleware/tree/master",
                "issues": "https://github.com/dragonmantank/zendexpressive-session-middleware/issues"
            },
            "time": "2016-01-26 15:03:32"
        },
        {
            "name": "nikic/fast-route",
            "version": "v0.7.0",
            "source": {
                "type": "git",
                "url": "https://github.com/nikic/FastRoute.git",
                "reference": "8164b4a0d8afde4eae5f1bfc39084972ba23ad36"
            },
            "dist": {
                "type": "zip",
                "url": "https://api.github.com/repos/nikic/FastRoute/zipball/8164b4a0d8afde4eae5f1bfc39084972ba23ad36",
                "reference": "8164b4a0d8afde4eae5f1bfc39084972ba23ad36",
                "shasum": ""
            },
            "require": {
                "php": ">=5.4.0"
            },
            "type": "library",
            "autoload": {
                "psr-4": {
                    "FastRoute\\": "src/"
                },
                "files": [
                    "src/functions.php"
                ]
            },
            "notification-url": "https://packagist.org/downloads/",
            "license": [
                "BSD-3-Clause"
            ],
            "authors": [
                {
                    "name": "Nikita Popov",
                    "email": "nikic@php.net"
                }
            ],
            "description": "Fast request router for PHP",
            "keywords": [
                "router",
                "routing"
            ],
            "time": "2015-12-20 19:50:12"
        },
        {
            "name": "psr/http-message",
            "version": "1.0",
            "source": {
                "type": "git",
                "url": "https://github.com/php-fig/http-message.git",
                "reference": "85d63699f0dbedb190bbd4b0d2b9dc707ea4c298"
            },
            "dist": {
                "type": "zip",
                "url": "https://api.github.com/repos/php-fig/http-message/zipball/85d63699f0dbedb190bbd4b0d2b9dc707ea4c298",
                "reference": "85d63699f0dbedb190bbd4b0d2b9dc707ea4c298",
                "shasum": ""
            },
            "require": {
                "php": ">=5.3.0"
            },
            "type": "library",
            "extra": {
                "branch-alias": {
                    "dev-master": "1.0.x-dev"
                }
            },
            "autoload": {
                "psr-4": {
                    "Psr\\Http\\Message\\": "src/"
                }
            },
            "notification-url": "https://packagist.org/downloads/",
            "license": [
                "MIT"
            ],
            "authors": [
                {
                    "name": "PHP-FIG",
                    "homepage": "http://www.php-fig.org/"
                }
            ],
            "description": "Common interface for HTTP messages",
            "keywords": [
                "http",
                "http-message",
                "psr",
                "psr-7",
                "request",
                "response"
            ],
            "time": "2015-05-04 20:22:00"
        },
        {
            "name": "twig/twig",
            "version": "v1.24.0",
            "source": {
                "type": "git",
                "url": "https://github.com/twigphp/Twig.git",
                "reference": "3e5aa30ebfbafd5951fb1b01e338e1800ce7e0e8"
            },
            "dist": {
                "type": "zip",
                "url": "https://api.github.com/repos/twigphp/Twig/zipball/3e5aa30ebfbafd5951fb1b01e338e1800ce7e0e8",
                "reference": "3e5aa30ebfbafd5951fb1b01e338e1800ce7e0e8",
                "shasum": ""
            },
            "require": {
                "php": ">=5.2.7"
            },
            "require-dev": {
                "symfony/debug": "~2.7",
                "symfony/phpunit-bridge": "~2.7"
            },
            "type": "library",
            "extra": {
                "branch-alias": {
                    "dev-master": "1.24-dev"
                }
            },
            "autoload": {
                "psr-0": {
                    "Twig_": "lib/"
                }
            },
            "notification-url": "https://packagist.org/downloads/",
            "license": [
                "BSD-3-Clause"
            ],
            "authors": [
                {
                    "name": "Fabien Potencier",
                    "email": "fabien@symfony.com",
                    "homepage": "http://fabien.potencier.org",
                    "role": "Lead Developer"
                },
                {
                    "name": "Armin Ronacher",
                    "email": "armin.ronacher@active-4.com",
                    "role": "Project Founder"
                },
                {
                    "name": "Twig Team",
                    "homepage": "http://twig.sensiolabs.org/contributors",
                    "role": "Contributors"
                }
            ],
            "description": "Twig, the flexible, fast, and secure template language for PHP",
            "homepage": "http://twig.sensiolabs.org",
            "keywords": [
                "templating"
            ],
            "time": "2016-01-25 21:22:18"
        },
        {
            "name": "zendframework/zend-db",
            "version": "2.6.2",
            "source": {
                "type": "git",
                "url": "https://github.com/zendframework/zend-db.git",
                "reference": "8bda58293d6baa3e1d8316300fce0fed55df8ea0"
            },
            "dist": {
                "type": "zip",
                "url": "https://api.github.com/repos/zendframework/zend-db/zipball/8bda58293d6baa3e1d8316300fce0fed55df8ea0",
                "reference": "8bda58293d6baa3e1d8316300fce0fed55df8ea0",
                "shasum": ""
            },
            "require": {
                "php": ">=5.5",
                "zendframework/zend-stdlib": "~2.7"
            },
            "require-dev": {
                "fabpot/php-cs-fixer": "1.7.*",
                "phpunit/phpunit": "~4.0",
                "zendframework/zend-eventmanager": "~2.5",
                "zendframework/zend-hydrator": "~1.0",
                "zendframework/zend-mvc": "~2.5",
                "zendframework/zend-servicemanager": "~2.5"
            },
            "suggest": {
                "zendframework/zend-eventmanager": "Zend\\EventManager component",
                "zendframework/zend-hydrator": "Zend\\Hydrator component for using HydratingResultSets",
                "zendframework/zend-servicemanager": "Zend\\ServiceManager component"
            },
            "type": "library",
            "extra": {
                "branch-alias": {
                    "dev-master": "2.6-dev",
                    "dev-develop": "2.7-dev"
                }
            },
            "autoload": {
                "psr-4": {
                    "Zend\\Db\\": "src/"
                }
            },
            "notification-url": "https://packagist.org/downloads/",
            "license": [
                "BSD-3-Clause"
            ],
            "homepage": "https://github.com/zendframework/zend-db",
            "keywords": [
                "db",
                "zf2"
            ],
            "time": "2015-12-09 21:17:32"
        },
        {
            "name": "zendframework/zend-diactoros",
            "version": "1.3.3",
            "source": {
                "type": "git",
                "url": "https://github.com/zendframework/zend-diactoros.git",
                "reference": "4d54fde709664562eb63356f0250d527824d05de"
            },
            "dist": {
                "type": "zip",
                "url": "https://api.github.com/repos/zendframework/zend-diactoros/zipball/4d54fde709664562eb63356f0250d527824d05de",
                "reference": "4d54fde709664562eb63356f0250d527824d05de",
                "shasum": ""
            },
            "require": {
                "php": ">=5.4",
                "psr/http-message": "~1.0"
            },
            "provide": {
                "psr/http-message-implementation": "~1.0.0"
            },
            "require-dev": {
                "phpunit/phpunit": "~4.6",
                "squizlabs/php_codesniffer": "^2.3.1"
            },
            "type": "library",
            "extra": {
                "branch-alias": {
                    "dev-master": "1.3-dev",
                    "dev-develop": "1.4-dev"
                }
            },
            "autoload": {
                "psr-4": {
                    "Zend\\Diactoros\\": "src/"
                }
            },
            "notification-url": "https://packagist.org/downloads/",
            "license": [
                "BSD-2-Clause"
            ],
            "description": "PSR HTTP Message implementations",
            "homepage": "https://github.com/zendframework/zend-diactoros",
            "keywords": [
                "http",
                "psr",
                "psr-7"
            ],
            "time": "2016-01-04 21:37:32"
        },
        {
            "name": "zendframework/zend-escaper",
            "version": "2.5.1",
            "source": {
                "type": "git",
                "url": "https://github.com/zendframework/zend-escaper.git",
                "reference": "a4b227d8a477f4e7e9073f8e0a7ae7dbd3104a73"
            },
            "dist": {
                "type": "zip",
                "url": "https://api.github.com/repos/zendframework/zend-escaper/zipball/a4b227d8a477f4e7e9073f8e0a7ae7dbd3104a73",
                "reference": "a4b227d8a477f4e7e9073f8e0a7ae7dbd3104a73",
                "shasum": ""
            },
            "require": {
                "php": ">=5.3.23"
            },
            "require-dev": {
                "fabpot/php-cs-fixer": "1.7.*",
                "phpunit/phpunit": "~4.0"
            },
            "type": "library",
            "extra": {
                "branch-alias": {
                    "dev-master": "2.5-dev",
                    "dev-develop": "2.6-dev"
                }
            },
            "autoload": {
                "psr-4": {
                    "Zend\\Escaper\\": "src/"
                }
            },
            "notification-url": "https://packagist.org/downloads/",
            "license": [
                "BSD-3-Clause"
            ],
            "homepage": "https://github.com/zendframework/zend-escaper",
            "keywords": [
                "escaper",
                "zf2"
            ],
            "time": "2015-06-03 14:05:37"
        },
        {
            "name": "zendframework/zend-eventmanager",
            "version": "2.6.2",
            "source": {
                "type": "git",
                "url": "https://github.com/zendframework/zend-eventmanager.git",
                "reference": "b4354f75f694504d32e7d080641854f830acb865"
            },
            "dist": {
                "type": "zip",
                "url": "https://api.github.com/repos/zendframework/zend-eventmanager/zipball/b4354f75f694504d32e7d080641854f830acb865",
                "reference": "b4354f75f694504d32e7d080641854f830acb865",
                "shasum": ""
            },
            "require": {
                "php": ">=5.5",
                "zendframework/zend-stdlib": "~2.5"
            },
            "require-dev": {
                "athletic/athletic": "dev-master",
                "fabpot/php-cs-fixer": "1.7.*",
                "phpunit/phpunit": "~4.0"
            },
            "type": "library",
            "extra": {
                "branch-alias": {
                    "dev-master": "2.6-dev",
                    "dev-develop": "3.0-dev"
                }
            },
            "autoload": {
                "psr-4": {
                    "Zend\\EventManager\\": "src/"
                }
            },
            "notification-url": "https://packagist.org/downloads/",
            "license": [
                "BSD-3-Clause"
            ],
            "homepage": "https://github.com/zendframework/zend-eventmanager",
            "keywords": [
                "eventmanager",
                "zf2"
            ],
            "time": "2016-01-12 23:08:36"
        },
        {
            "name": "zendframework/zend-expressive",
            "version": "0.5.3",
            "source": {
                "type": "git",
                "url": "https://github.com/zendframework/zend-expressive.git",
                "reference": "c4b03b611ea972e8a289e0924ae91012699d1913"
            },
            "dist": {
                "type": "zip",
                "url": "https://api.github.com/repos/zendframework/zend-expressive/zipball/c4b03b611ea972e8a289e0924ae91012699d1913",
                "reference": "c4b03b611ea972e8a289e0924ae91012699d1913",
                "shasum": ""
            },
            "require": {
                "container-interop/container-interop": "^1.1",
                "php": ">=5.5",
                "psr/http-message": "^1.0",
                "zendframework/zend-diactoros": "^1.1",
                "zendframework/zend-stdlib": "^2.7",
                "zendframework/zend-stratigility": "^1.1"
            },
            "require-dev": {
                "filp/whoops": "^1.1",
                "phpunit/phpunit": "^4.7",
                "squizlabs/php_codesniffer": "^2.3",
                "zendframework/zend-expressive-aurarouter": "^0.1",
                "zendframework/zend-expressive-fastroute": "^0.1",
                "zendframework/zend-expressive-zendrouter": "^0.1",
                "zendframework/zend-servicemanager": "^2.6"
            },
            "suggest": {
                "aura/di": "3.0.*@beta to make use of Aura.Di dependency injection container",
                "filp/whoops": "^1.1 to use the Whoops error handler",
                "mouf/pimple-interop": "^1.0 to use Pimple for dependency injection",
                "zendframework/zend-expressive-aurarouter": "^0.1 to use the Aura.Router routing adapter",
                "zendframework/zend-expressive-fastroute": "^0.1 to use the FastRoute routing adapter",
                "zendframework/zend-expressive-platesrenderer": "^0.1 to use the Plates template renderer",
                "zendframework/zend-expressive-twigrenderer": "^0.1 to use the Twig template renderer",
                "zendframework/zend-expressive-zendrouter": "^0.1 to use the zend-mvc routing adapter",
                "zendframework/zend-expressive-zendviewrenderer": "^0.1 to use the zend-view PhpRenderer template renderer",
                "zendframework/zend-servicemanager": "^2.5 to use zend-servicemanager for dependency injection"
            },
            "type": "library",
            "extra": {
                "branch-alias": {
                    "dev-master": "0.5-dev",
                    "dev-develop": "0.6-dev"
                }
            },
            "autoload": {
                "psr-4": {
                    "Zend\\Expressive\\": "src/"
                }
            },
            "notification-url": "https://packagist.org/downloads/",
            "license": [
                "BSD-3-Clause"
            ],
            "description": "PSR-7 Middleware Microframework based on Stratigility",
            "keywords": [
                "http",
                "middleware",
                "psr",
                "psr-7"
            ],
            "time": "2015-10-20 01:56:53"
        },
        {
            "name": "zendframework/zend-expressive-fastroute",
            "version": "1.1.0",
            "source": {
                "type": "git",
                "url": "https://github.com/zendframework/zend-expressive-fastroute.git",
                "reference": "bee5baaf2871b1a219d3a5b5b802fe815c123991"
            },
            "dist": {
                "type": "zip",
                "url": "https://api.github.com/repos/zendframework/zend-expressive-fastroute/zipball/bee5baaf2871b1a219d3a5b5b802fe815c123991",
                "reference": "bee5baaf2871b1a219d3a5b5b802fe815c123991",
                "shasum": ""
            },
            "require": {
                "nikic/fast-route": "^0.7.0",
                "php": "^5.5 || ^7.0",
                "psr/http-message": "^1.0",
                "zendframework/zend-expressive-router": "^1.0"
            },
            "require-dev": {
                "phpunit/phpunit": "^4.7",
                "squizlabs/php_codesniffer": "^2.3"
            },
            "type": "library",
            "extra": {
                "branch-alias": {
                    "dev-master": "1.1-dev",
                    "dev-develop": "1.2-dev"
                }
            },
            "autoload": {
                "psr-4": {
                    "Zend\\Expressive\\Router\\": "src/"
                }
            },
            "notification-url": "https://packagist.org/downloads/",
            "license": [
                "BSD-3-Clause"
            ],
            "description": "FastRoute integration for Expressive",
            "keywords": [
                "FastRoute",
                "expressive",
                "http",
                "middleware",
                "psr",
                "psr-7"
            ],
            "time": "2016-01-25 16:36:47"
        },
        {
            "name": "zendframework/zend-expressive-helpers",
            "version": "2.0.0",
            "source": {
                "type": "git",
                "url": "https://github.com/zendframework/zend-expressive-helpers.git",
                "reference": "7d7cf9573638448acdde5b2ee4a30ebd33401fb7"
            },
            "dist": {
                "type": "zip",
                "url": "https://api.github.com/repos/zendframework/zend-expressive-helpers/zipball/7d7cf9573638448acdde5b2ee4a30ebd33401fb7",
                "reference": "7d7cf9573638448acdde5b2ee4a30ebd33401fb7",
                "shasum": ""
            },
            "require": {
                "container-interop/container-interop": "^1.1",
                "php": "^5.5 || ^7.0",
                "psr/http-message": "^1.0",
                "zendframework/zend-expressive-router": "^1.1"
            },
            "require-dev": {
                "phpunit/phpunit": "^4.7",
                "squizlabs/php_codesniffer": "^2.3",
                "zendframework/zend-diactoros": "^1.2"
            },
            "suggest": {
                "aura/di": "3.0.*@beta to make use of Aura.Di dependency injection container",
                "mouf/pimple-interop": "^1.0 to use Pimple for dependency injection",
                "zendframework/zend-servicemanager": "^2.5 to use zend-servicemanager for dependency injection"
            },
            "type": "library",
            "extra": {
                "branch-alias": {
                    "dev-master": "2.0-dev",
                    "dev-develop": "2.1-dev"
                }
            },
            "autoload": {
                "psr-4": {
                    "Zend\\Expressive\\Helper\\": "src/"
                }
            },
            "notification-url": "https://packagist.org/downloads/",
            "license": [
                "BSD-3-Clause"
            ],
            "description": "Helper/Utility classes for Expressive",
            "keywords": [
                "expressive",
                "http",
                "middleware",
                "psr",
                "psr-7"
            ],
            "time": "2016-01-18 19:53:28"
        },
        {
            "name": "zendframework/zend-expressive-router",
            "version": "1.2.0",
            "source": {
                "type": "git",
                "url": "https://github.com/zendframework/zend-expressive-router.git",
                "reference": "ec11c758e067c3eef579cb51dcabfcbf5de2ec03"
            },
            "dist": {
                "type": "zip",
                "url": "https://api.github.com/repos/zendframework/zend-expressive-router/zipball/ec11c758e067c3eef579cb51dcabfcbf5de2ec03",
                "reference": "ec11c758e067c3eef579cb51dcabfcbf5de2ec03",
                "shasum": ""
            },
            "require": {
                "php": "^5.5 || ^7.0",
                "psr/http-message": "^1.0"
            },
            "require-dev": {
                "phpunit/phpunit": "^4.7",
                "squizlabs/php_codesniffer": "^2.3"
            },
            "suggest": {
                "zendframework/zend-expressive-aurarouter": "^0.1 to use the Aura.Router routing adapter",
                "zendframework/zend-expressive-fastroute": "^0.1 to use the FastRoute routing adapter",
                "zendframework/zend-expressive-zendrouter": "^0.1 to use the zend-mvc routing adapter"
            },
            "type": "library",
            "extra": {
                "branch-alias": {
                    "dev-master": "1.2-dev",
                    "dev-develop": "1.3-dev"
                }
            },
            "autoload": {
                "psr-4": {
                    "Zend\\Expressive\\Router\\": "src/"
                }
            },
            "notification-url": "https://packagist.org/downloads/",
            "license": [
                "BSD-3-Clause"
            ],
            "description": "Router subcomponent for Expressive",
            "keywords": [
                "expressive",
                "http",
                "middleware",
                "psr",
                "psr-7"
            ],
            "time": "2016-01-18 20:10:33"
        },
        {
            "name": "zendframework/zend-expressive-template",
            "version": "1.0.2",
            "source": {
                "type": "git",
                "url": "https://github.com/zendframework/zend-expressive-template.git",
                "reference": "5c71ac3bcd6d6f27ab09fef3faf89434917cccb0"
            },
            "dist": {
                "type": "zip",
                "url": "https://api.github.com/repos/zendframework/zend-expressive-template/zipball/5c71ac3bcd6d6f27ab09fef3faf89434917cccb0",
                "reference": "5c71ac3bcd6d6f27ab09fef3faf89434917cccb0",
                "shasum": ""
            },
            "require": {
                "php": ">=5.5",
                "zendframework/zend-stdlib": "^2.7"
            },
            "require-dev": {
                "phpunit/phpunit": "^4.7",
                "squizlabs/php_codesniffer": "^2.3"
            },
            "suggest": {
                "zendframework/zend-expressive-platesrenderer": "^0.1 to use the Plates template renderer",
                "zendframework/zend-expressive-twigrenderer": "^0.1 to use the Twig template renderer",
                "zendframework/zend-expressive-zendviewrenderer": "^0.1 to use the zend-view PhpRenderer template renderer"
            },
            "type": "library",
            "extra": {
                "branch-alias": {
                    "dev-master": "1.0-dev",
                    "dev-develop": "1.1-dev"
                }
            },
            "autoload": {
                "psr-4": {
                    "Zend\\Expressive\\Template\\": "src/"
                }
            },
            "notification-url": "https://packagist.org/downloads/",
            "license": [
                "BSD-3-Clause"
            ],
            "description": "Template subcomponent for Expressive",
            "keywords": [
                "expressive",
                "template"
            ],
            "time": "2016-01-25 17:00:24"
        },
        {
            "name": "zendframework/zend-expressive-twigrenderer",
            "version": "1.1.0",
            "source": {
                "type": "git",
                "url": "https://github.com/zendframework/zend-expressive-twigrenderer.git",
                "reference": "e8493e82b29fb4f5ecba856f3da5358e319d2331"
            },
            "dist": {
                "type": "zip",
                "url": "https://api.github.com/repos/zendframework/zend-expressive-twigrenderer/zipball/e8493e82b29fb4f5ecba856f3da5358e319d2331",
                "reference": "e8493e82b29fb4f5ecba856f3da5358e319d2331",
                "shasum": ""
            },
            "require": {
                "container-interop/container-interop": "^1.1",
                "php": "^5.5 || ^7.0",
                "twig/twig": "^1.19",
                "zendframework/zend-expressive-helpers": "^1.1 || ^2.0",
                "zendframework/zend-expressive-template": "^1.0"
            },
            "require-dev": {
                "phpunit/phpunit": "^4.7",
                "squizlabs/php_codesniffer": "^2.3"
            },
            "suggest": {
                "aura/di": "3.0.*@beta to make use of Aura.Di dependency injection container",
                "mouf/pimple-interop": "^1.0 to use Pimple for dependency injection",
                "zendframework/zend-servicemanager": "^2.5 to use zend-servicemanager for dependency injection"
            },
            "type": "library",
            "extra": {
                "branch-alias": {
                    "dev-master": "1.1-dev",
                    "dev-develop": "1.2-dev"
                }
            },
            "autoload": {
                "psr-4": {
                    "Zend\\Expressive\\Twig\\": "src/"
                }
            },
            "notification-url": "https://packagist.org/downloads/",
            "license": [
                "BSD-3-Clause"
            ],
            "description": "Twig integration for Expressive",
            "keywords": [
                "expressive",
                "http",
                "middleware",
                "psr",
                "psr-7",
                "twig"
            ],
            "time": "2016-01-21 16:02:35"
        },
        {
            "name": "zendframework/zend-hydrator",
            "version": "1.0.0",
            "source": {
                "type": "git",
                "url": "https://github.com/zendframework/zend-hydrator.git",
                "reference": "f3ed8b833355140350bbed98d8a7b8b66875903f"
            },
            "dist": {
                "type": "zip",
                "url": "https://api.github.com/repos/zendframework/zend-hydrator/zipball/f3ed8b833355140350bbed98d8a7b8b66875903f",
                "reference": "f3ed8b833355140350bbed98d8a7b8b66875903f",
                "shasum": ""
            },
            "require": {
                "php": ">=5.5",
                "zendframework/zend-stdlib": "^2.5.1"
            },
            "require-dev": {
                "phpunit/phpunit": "~4.0",
                "squizlabs/php_codesniffer": "^2.0@dev",
                "zendframework/zend-eventmanager": "^2.5.1",
                "zendframework/zend-filter": "^2.5.1",
                "zendframework/zend-inputfilter": "^2.5.1",
                "zendframework/zend-serializer": "^2.5.1",
                "zendframework/zend-servicemanager": "^2.5.1"
            },
            "suggest": {
                "zendframework/zend-eventmanager": "^2.5.1, to support aggregate hydrator usage",
                "zendframework/zend-filter": "^2.5.1, to support naming strategy hydrator usage",
                "zendframework/zend-serializer": "^2.5.1, to use the SerializableStrategy",
                "zendframework/zend-servicemanager": "^2.5.1, to support hydrator plugin manager usage"
            },
            "type": "library",
            "extra": {
                "branch-alias": {
                    "dev-master": "1.0-dev",
                    "dev-develop": "1.1-dev"
                }
            },
            "autoload": {
                "psr-4": {
                    "Zend\\Hydrator\\": "src/"
                }
            },
            "notification-url": "https://packagist.org/downloads/",
            "license": [
                "BSD-3-Clause"
            ],
            "homepage": "https://github.com/zendframework/zend-hydrator",
            "keywords": [
                "hydrator",
                "zf2"
            ],
            "time": "2015-09-17 14:06:43"
        },
        {
            "name": "zendframework/zend-servicemanager",
            "version": "2.7.4",
            "source": {
                "type": "git",
                "url": "https://github.com/zendframework/zend-servicemanager.git",
                "reference": "846f8a4f9c2e438e45d2de5cec11509cb7e08d79"
            },
            "dist": {
                "type": "zip",
                "url": "https://api.github.com/repos/zendframework/zend-servicemanager/zipball/846f8a4f9c2e438e45d2de5cec11509cb7e08d79",
                "reference": "846f8a4f9c2e438e45d2de5cec11509cb7e08d79",
                "shasum": ""
            },
            "require": {
                "container-interop/container-interop": "~1.0",
                "php": "^5.5 || ^7.0"
            },
            "require-dev": {
                "athletic/athletic": "dev-master",
                "fabpot/php-cs-fixer": "1.7.*",
                "phpunit/phpunit": "~4.0",
                "zendframework/zend-di": "~2.5",
                "zendframework/zend-mvc": "~2.5"
            },
            "suggest": {
                "ocramius/proxy-manager": "ProxyManager 0.5.* to handle lazy initialization of services",
                "zendframework/zend-di": "Zend\\Di component"
            },
            "type": "library",
            "extra": {
                "branch-alias": {
                    "dev-master": "2.7-dev",
                    "dev-develop": "3.0-dev"
                }
            },
            "autoload": {
                "psr-4": {
                    "Zend\\ServiceManager\\": "src/"
                }
            },
            "notification-url": "https://packagist.org/downloads/",
            "license": [
                "BSD-3-Clause"
            ],
            "homepage": "https://github.com/zendframework/zend-servicemanager",
            "keywords": [
                "servicemanager",
                "zf2"
            ],
            "time": "2016-01-19 21:01:21"
        },
        {
            "name": "zendframework/zend-session",
            "version": "2.5.2",
            "source": {
                "type": "git",
                "url": "https://github.com/zendframework/zend-session.git",
                "reference": "f66caae318c40edb8a6edc22cc2a4e286cb4d064"
            },
            "dist": {
                "type": "zip",
                "url": "https://api.github.com/repos/zendframework/zend-session/zipball/f66caae318c40edb8a6edc22cc2a4e286cb4d064",
                "reference": "f66caae318c40edb8a6edc22cc2a4e286cb4d064",
                "shasum": ""
            },
            "require": {
                "php": ">=5.5",
                "zendframework/zend-eventmanager": "~2.5",
                "zendframework/zend-stdlib": "~2.5"
            },
            "require-dev": {
                "fabpot/php-cs-fixer": "1.7.*",
                "phpunit/phpunit": "~4.0",
                "zendframework/zend-cache": "~2.5",
                "zendframework/zend-db": "~2.5",
                "zendframework/zend-http": "~2.5",
                "zendframework/zend-servicemanager": "~2.5",
                "zendframework/zend-validator": "~2.5"
            },
            "suggest": {
                "zendframework/zend-cache": "Zend\\Cache component",
                "zendframework/zend-db": "Zend\\Db component",
                "zendframework/zend-eventmanager": "Zend\\EventManager component",
                "zendframework/zend-http": "Zend\\Http component",
                "zendframework/zend-servicemanager": "Zend\\ServiceManager component",
                "zendframework/zend-validator": "Zend\\Validator component"
            },
            "type": "library",
            "extra": {
                "branch-alias": {
                    "dev-master": "2.5-dev",
                    "dev-develop": "2.6-dev"
                }
            },
            "autoload": {
                "psr-4": {
                    "Zend\\Session\\": "src/"
                }
            },
            "notification-url": "https://packagist.org/downloads/",
            "license": [
                "BSD-3-Clause"
            ],
            "description": "manage and preserve session data, a logical complement of cookie data, across multiple page requests by the same client",
            "homepage": "https://github.com/zendframework/zend-session",
            "keywords": [
                "session",
                "zf2"
            ],
            "time": "2015-07-29 19:44:43"
        },
        {
            "name": "zendframework/zend-stdlib",
            "version": "2.7.4",
            "source": {
                "type": "git",
                "url": "https://github.com/zendframework/zend-stdlib.git",
                "reference": "cae029346a33663b998507f94962eb27de060683"
            },
            "dist": {
                "type": "zip",
                "url": "https://api.github.com/repos/zendframework/zend-stdlib/zipball/cae029346a33663b998507f94962eb27de060683",
                "reference": "cae029346a33663b998507f94962eb27de060683",
                "shasum": ""
            },
            "require": {
                "php": ">=5.5",
                "zendframework/zend-hydrator": "~1.0"
            },
            "require-dev": {
                "athletic/athletic": "~0.1",
                "fabpot/php-cs-fixer": "1.7.*",
                "phpunit/phpunit": "~4.0",
                "zendframework/zend-config": "~2.5",
                "zendframework/zend-eventmanager": "~2.5",
                "zendframework/zend-filter": "~2.5",
                "zendframework/zend-inputfilter": "~2.5",
                "zendframework/zend-serializer": "~2.5",
                "zendframework/zend-servicemanager": "~2.5"
            },
            "suggest": {
                "zendframework/zend-eventmanager": "To support aggregate hydrator usage",
                "zendframework/zend-filter": "To support naming strategy hydrator usage",
                "zendframework/zend-serializer": "Zend\\Serializer component",
                "zendframework/zend-servicemanager": "To support hydrator plugin manager usage"
            },
            "type": "library",
            "extra": {
                "branch-alias": {
                    "dev-master": "2.7-dev",
                    "dev-develop": "2.8-dev"
                }
            },
            "autoload": {
                "psr-4": {
                    "Zend\\Stdlib\\": "src/"
                }
            },
            "notification-url": "https://packagist.org/downloads/",
            "license": [
                "BSD-3-Clause"
            ],
            "homepage": "https://github.com/zendframework/zend-stdlib",
            "keywords": [
                "stdlib",
                "zf2"
            ],
            "time": "2015-10-15 15:57:32"
        },
        {
            "name": "zendframework/zend-stratigility",
            "version": "1.1.2",
            "source": {
                "type": "git",
                "url": "https://github.com/zendframework/zend-stratigility.git",
                "reference": "8c01ddf62131f67c51f51dad7fa433374aa68a27"
            },
            "dist": {
                "type": "zip",
                "url": "https://api.github.com/repos/zendframework/zend-stratigility/zipball/8c01ddf62131f67c51f51dad7fa433374aa68a27",
                "reference": "8c01ddf62131f67c51f51dad7fa433374aa68a27",
                "shasum": ""
            },
            "require": {
                "php": ">=5.4.8",
                "psr/http-message": "~1.0.0",
                "zendframework/zend-escaper": "~2.3"
            },
            "require-dev": {
                "phpunit/phpunit": "~4.7",
                "squizlabs/php_codesniffer": "^2.3.1",
                "zendframework/zend-diactoros": "~1.0"
            },
            "suggest": {
                "psr/http-message-implementation": "Please install a psr/http-message-implementation to consume Stratigility; e.g., zendframework/zend-diactoros"
            },
            "type": "library",
            "extra": {
                "branch-alias": {
                    "dev-master": "1.0-dev",
                    "dev-develop": "1.1-dev"
                }
            },
            "autoload": {
                "psr-4": {
                    "Zend\\Stratigility\\": "src/"
                }
            },
            "notification-url": "https://packagist.org/downloads/",
            "license": [
                "BSD-3-Clause"
            ],
            "description": "Middleware for PHP",
            "homepage": "https://github.com/zendframework/zend-stratigility",
            "keywords": [
                "http",
                "middleware",
                "psr-7"
            ],
            "time": "2015-10-09 20:16:34"
        }
    ],
    "packages-dev": [],
    "aliases": [],
    "minimum-stability": "stable",
    "stability-flags": {
        "dragonmantank/zendexpressive-session-middleware": 20
    },
    "prefer-stable": false,
    "prefer-lowest": false,
    "platform": [],
    "platform-dev": []
}
